
Microsoft Visual Studio Solution File, Format Version 12.00
# Visual Studio Version 17
VisualStudioVersion = 17.9.34622.214
MinimumVisualStudioVersion = 10.0.40219.1
Project("{FAE04EC0-301F-11D3-BF4B-00C04F79EFBC}") = "Task2", "Task2.csproj", "{753409E6-5134-4BA6-834F-47124018FE47}"
EndProject
Global
	GlobalSection(SolutionConfigurationPlatforms) = preSolution
		Debug|Any CPU = Debug|Any CPU
		Release|Any CPU = Release|Any CPU
	EndGlobalSection
	GlobalSection(ProjectConfigurationPlatforms) = postSolution
		{753409E6-5134-4BA6-834F-47124018FE47}.Debug|Any CPU.ActiveCfg = Debug|Any CPU
		{753409E6-5134-4BA6-834F-47124018FE47}.Debug|Any CPU.Build.0 = Debug|Any CPU
		{753409E6-5134-4BA6-834F-47124018FE47}.Release|Any CPU.ActiveCfg = Release|Any CPU
		{753409E6-5134-4BA6-834F-47124018FE47}.Release|Any CPU.Build.0 = Release|Any CPU
	EndGlobalSection
	GlobalSection(SolutionProperties) = preSolution
		HideSolutionNode = FALSE
	EndGlobalSection
	GlobalSection(ExtensibilityGlobals) = postSolution
		SolutionGuid = {5D01CE7B-8C59-43C8-A0D6-95B54FAE7C73}
	EndGlobalSection
EndGlobal
